// !$*UTF8*$!
{
	archiveVersion = 1;
	classes = {
	};
	objectVersion = 56;
	objects = {

/* Begin PBXBuildFile section */
		B5432C7D2B67A0900029BB1B /* UserProjectView.swift in Sources */ = {isa = PBXBuildFile; fileRef = B5432C7C2B67A0900029BB1B /* UserProjectView.swift */; };
		B5432C7F2B67A28D0029BB1B /* ReusableProjectsView.swift in Sources */ = {isa = PBXBuildFile; fileRef = B5432C7E2B67A28D0029BB1B /* ReusableProjectsView.swift */; };
		B5432C832B67A9F10029BB1B /* ProjectCardView.swift in Sources */ = {isa = PBXBuildFile; fileRef = B5432C822B67A9F10029BB1B /* ProjectCardView.swift */; };
		B5523FEC2B63B67C00917400 /* JoinACodeApp.swift in Sources */ = {isa = PBXBuildFile; fileRef = B5523FEB2B63B67C00917400 /* JoinACodeApp.swift */; };
		B5523FF02B63B67D00917400 /* Assets.xcassets in Resources */ = {isa = PBXBuildFile; fileRef = B5523FEF2B63B67D00917400 /* Assets.xcassets */; };
		B5523FF32B63B67D00917400 /* Preview Assets.xcassets in Resources */ = {isa = PBXBuildFile; fileRef = B5523FF22B63B67D00917400 /* Preview Assets.xcassets */; };
		B552401D2B63E6AF00917400 /* LoginView.swift in Sources */ = {isa = PBXBuildFile; fileRef = B552401C2B63E6AF00917400 /* LoginView.swift */; };
		B55240202B64559D00917400 /* FirebaseAuth in Frameworks */ = {isa = PBXBuildFile; productRef = B552401F2B64559D00917400 /* FirebaseAuth */; };
		B55273D22B65924B00C80569 /* FirebaseFirestore in Frameworks */ = {isa = PBXBuildFile; productRef = B55273D12B65924B00C80569 /* FirebaseFirestore */; };
		B55273D42B65924B00C80569 /* FirebaseFirestoreSwift in Frameworks */ = {isa = PBXBuildFile; productRef = B55273D32B65924B00C80569 /* FirebaseFirestoreSwift */; };
		B55273D62B65924B00C80569 /* FirebaseStorage in Frameworks */ = {isa = PBXBuildFile; productRef = B55273D52B65924B00C80569 /* FirebaseStorage */; };
		B55273D82B65948700C80569 /* UserModel.swift in Sources */ = {isa = PBXBuildFile; fileRef = B55273D72B65948700C80569 /* UserModel.swift */; };
		B55273DC2B65B6E000C80569 /* GoogleService-Info.plist in Resources */ = {isa = PBXBuildFile; fileRef = B55273DB2B65B6E000C80569 /* GoogleService-Info.plist */; };
		B55273DD2B65B6E000C80569 /* GoogleService-Info.plist in Resources */ = {isa = PBXBuildFile; fileRef = B55273DB2B65B6E000C80569 /* GoogleService-Info.plist */; };
		B55273DE2B65B6E000C80569 /* GoogleService-Info.plist in Resources */ = {isa = PBXBuildFile; fileRef = B55273DB2B65B6E000C80569 /* GoogleService-Info.plist */; };
		B55273E02B65BC2F00C80569 /* LoadingView.swift in Sources */ = {isa = PBXBuildFile; fileRef = B55273DF2B65BC2F00C80569 /* LoadingView.swift */; };
		B5B04F802B669F0400D82E03 /* RegistrationView.swift in Sources */ = {isa = PBXBuildFile; fileRef = B5B04F7F2B669F0400D82E03 /* RegistrationView.swift */; };
		B5B04F832B669F6E00D82E03 /* View+Extension.swift in Sources */ = {isa = PBXBuildFile; fileRef = B5B04F822B669F6E00D82E03 /* View+Extension.swift */; };
		B5B04F862B669FCF00D82E03 /* BlurView.swift in Sources */ = {isa = PBXBuildFile; fileRef = B5B04F852B669FCF00D82E03 /* BlurView.swift */; };
		B5B04F882B669FF400D82E03 /* CustomTextField.swift in Sources */ = {isa = PBXBuildFile; fileRef = B5B04F872B669FF400D82E03 /* CustomTextField.swift */; };
		B5B04F8B2B66A0EC00D82E03 /* MainView.swift in Sources */ = {isa = PBXBuildFile; fileRef = B5B04F8A2B66A0EC00D82E03 /* MainView.swift */; };
		B5B04F8F2B66A24B00D82E03 /* ProfileView.swift in Sources */ = {isa = PBXBuildFile; fileRef = B5B04F8E2B66A24B00D82E03 /* ProfileView.swift */; };
		B5B04F912B66CB4E00D82E03 /* ReusableUserProfileContent.swift in Sources */ = {isa = PBXBuildFile; fileRef = B5B04F902B66CB4E00D82E03 /* ReusableUserProfileContent.swift */; };
		B5B04F942B66D7BB00D82E03 /* SDWebImageSwiftUI in Frameworks */ = {isa = PBXBuildFile; productRef = B5B04F932B66D7BB00D82E03 /* SDWebImageSwiftUI */; };
		B5B04F962B66EBB500D82E03 /* CreatingNewProject.swift in Sources */ = {isa = PBXBuildFile; fileRef = B5B04F952B66EBB500D82E03 /* CreatingNewProject.swift */; };
		B5B04F982B66EBDF00D82E03 /* ProjectsModel.swift in Sources */ = {isa = PBXBuildFile; fileRef = B5B04F972B66EBDF00D82E03 /* ProjectsModel.swift */; };
		B5B694262B682654004A088F /* SearchView.swift in Sources */ = {isa = PBXBuildFile; fileRef = B5B694252B682654004A088F /* SearchView.swift */; };
		B5B694282B683002004A088F /* HomeView.swift in Sources */ = {isa = PBXBuildFile; fileRef = B5B694272B683002004A088F /* HomeView.swift */; };
		B5B6942B2B684EC4004A088F /* CreatingNewProjectViewModel.swift in Sources */ = {isa = PBXBuildFile; fileRef = B5B6942A2B684EC4004A088F /* CreatingNewProjectViewModel.swift */; };
/* End PBXBuildFile section */

/* Begin PBXContainerItemProxy section */
		B5523FF92B63B67D00917400 /* PBXContainerItemProxy */ = {
			isa = PBXContainerItemProxy;
			containerPortal = B5523FE02B63B67C00917400 /* Project object */;
			proxyType = 1;
			remoteGlobalIDString = B5523FE72B63B67C00917400;
			remoteInfo = JoinACode;
		};
		B55240032B63B67D00917400 /* PBXContainerItemProxy */ = {
			isa = PBXContainerItemProxy;
			containerPortal = B5523FE02B63B67C00917400 /* Project object */;
			proxyType = 1;
			remoteGlobalIDString = B5523FE72B63B67C00917400;
			remoteInfo = JoinACode;
		};
/* End PBXContainerItemProxy section */

/* Begin PBXFileReference section */
		B5432C7C2B67A0900029BB1B /* UserProjectView.swift */ = {isa = PBXFileReference; lastKnownFileType = sourcecode.swift; path = UserProjectView.swift; sourceTree = "<group>"; };
		B5432C7E2B67A28D0029BB1B /* ReusableProjectsView.swift */ = {isa = PBXFileReference; lastKnownFileType = sourcecode.swift; path = ReusableProjectsView.swift; sourceTree = "<group>"; };
		B5432C822B67A9F10029BB1B /* ProjectCardView.swift */ = {isa = PBXFileReference; lastKnownFileType = sourcecode.swift; path = ProjectCardView.swift; sourceTree = "<group>"; };
		B5523FE82B63B67C00917400 /* JoinACode.app */ = {isa = PBXFileReference; explicitFileType = wrapper.application; includeInIndex = 0; path = JoinACode.app; sourceTree = BUILT_PRODUCTS_DIR; };
		B5523FEB2B63B67C00917400 /* JoinACodeApp.swift */ = {isa = PBXFileReference; lastKnownFileType = sourcecode.swift; path = JoinACodeApp.swift; sourceTree = "<group>"; };
		B5523FEF2B63B67D00917400 /* Assets.xcassets */ = {isa = PBXFileReference; lastKnownFileType = folder.assetcatalog; path = Assets.xcassets; sourceTree = "<group>"; };
		B5523FF22B63B67D00917400 /* Preview Assets.xcassets */ = {isa = PBXFileReference; lastKnownFileType = folder.assetcatalog; path = "Preview Assets.xcassets"; sourceTree = "<group>"; };
		B5523FF82B63B67D00917400 /* JoinACodeTests.xctest */ = {isa = PBXFileReference; explicitFileType = wrapper.cfbundle; includeInIndex = 0; path = JoinACodeTests.xctest; sourceTree = BUILT_PRODUCTS_DIR; };
		B55240022B63B67D00917400 /* JoinACodeUITests.xctest */ = {isa = PBXFileReference; explicitFileType = wrapper.cfbundle; includeInIndex = 0; path = JoinACodeUITests.xctest; sourceTree = BUILT_PRODUCTS_DIR; };
		B552401C2B63E6AF00917400 /* LoginView.swift */ = {isa = PBXFileReference; lastKnownFileType = sourcecode.swift; path = LoginView.swift; sourceTree = "<group>"; };
		B55273D72B65948700C80569 /* UserModel.swift */ = {isa = PBXFileReference; lastKnownFileType = sourcecode.swift; path = UserModel.swift; sourceTree = "<group>"; };
		B55273DB2B65B6E000C80569 /* GoogleService-Info.plist */ = {isa = PBXFileReference; fileEncoding = 4; lastKnownFileType = text.plist.xml; path = "GoogleService-Info.plist"; sourceTree = "<group>"; };
		B55273DF2B65BC2F00C80569 /* LoadingView.swift */ = {isa = PBXFileReference; lastKnownFileType = sourcecode.swift; path = LoadingView.swift; sourceTree = "<group>"; };
		B5B04F7F2B669F0400D82E03 /* RegistrationView.swift */ = {isa = PBXFileReference; lastKnownFileType = sourcecode.swift; path = RegistrationView.swift; sourceTree = "<group>"; };
		B5B04F822B669F6E00D82E03 /* View+Extension.swift */ = {isa = PBXFileReference; lastKnownFileType = sourcecode.swift; path = "View+Extension.swift"; sourceTree = "<group>"; };
		B5B04F852B669FCF00D82E03 /* BlurView.swift */ = {isa = PBXFileReference; lastKnownFileType = sourcecode.swift; path = BlurView.swift; sourceTree = "<group>"; };
		B5B04F872B669FF400D82E03 /* CustomTextField.swift */ = {isa = PBXFileReference; lastKnownFileType = sourcecode.swift; path = CustomTextField.swift; sourceTree = "<group>"; };
		B5B04F8A2B66A0EC00D82E03 /* MainView.swift */ = {isa = PBXFileReference; lastKnownFileType = sourcecode.swift; path = MainView.swift; sourceTree = "<group>"; };
		B5B04F8E2B66A24B00D82E03 /* ProfileView.swift */ = {isa = PBXFileReference; lastKnownFileType = sourcecode.swift; path = ProfileView.swift; sourceTree = "<group>"; };
		B5B04F902B66CB4E00D82E03 /* ReusableUserProfileContent.swift */ = {isa = PBXFileReference; lastKnownFileType = sourcecode.swift; path = ReusableUserProfileContent.swift; sourceTree = "<group>"; };
		B5B04F952B66EBB500D82E03 /* CreatingNewProject.swift */ = {isa = PBXFileReference; lastKnownFileType = sourcecode.swift; path = CreatingNewProject.swift; sourceTree = "<group>"; };
		B5B04F972B66EBDF00D82E03 /* ProjectsModel.swift */ = {isa = PBXFileReference; lastKnownFileType = sourcecode.swift; path = ProjectsModel.swift; sourceTree = "<group>"; };
		B5B694252B682654004A088F /* SearchView.swift */ = {isa = PBXFileReference; lastKnownFileType = sourcecode.swift; path = SearchView.swift; sourceTree = "<group>"; };
		B5B694272B683002004A088F /* HomeView.swift */ = {isa = PBXFileReference; lastKnownFileType = sourcecode.swift; path = HomeView.swift; sourceTree = "<group>"; };
		B5B6942A2B684EC4004A088F /* CreatingNewProjectViewModel.swift */ = {isa = PBXFileReference; lastKnownFileType = sourcecode.swift; path = CreatingNewProjectViewModel.swift; sourceTree = "<group>"; };
/* End PBXFileReference section */

/* Begin PBXFrameworksBuildPhase section */
		B5523FE52B63B67C00917400 /* Frameworks */ = {
			isa = PBXFrameworksBuildPhase;
			buildActionMask = 2147483647;
			files = (
				B5B04F942B66D7BB00D82E03 /* SDWebImageSwiftUI in Frameworks */,
				B55240202B64559D00917400 /* FirebaseAuth in Frameworks */,
				B55273D62B65924B00C80569 /* FirebaseStorage in Frameworks */,
				B55273D22B65924B00C80569 /* FirebaseFirestore in Frameworks */,
				B55273D42B65924B00C80569 /* FirebaseFirestoreSwift in Frameworks */,
			);
			runOnlyForDeploymentPostprocessing = 0;
		};
		B5523FF52B63B67D00917400 /* Frameworks */ = {
			isa = PBXFrameworksBuildPhase;
			buildActionMask = 2147483647;
			files = (
			);
			runOnlyForDeploymentPostprocessing = 0;
		};
		B5523FFF2B63B67D00917400 /* Frameworks */ = {
			isa = PBXFrameworksBuildPhase;
			buildActionMask = 2147483647;
			files = (
			);
			runOnlyForDeploymentPostprocessing = 0;
		};
/* End PBXFrameworksBuildPhase section */

/* Begin PBXGroup section */
		B5523FDF2B63B67C00917400 = {
			isa = PBXGroup;
			children = (
				B5523FEA2B63B67C00917400 /* JoinACode */,
				B5523FE92B63B67C00917400 /* Products */,
				B55273D02B65924B00C80569 /* Frameworks */,
			);
			sourceTree = "<group>";
		};
		B5523FE92B63B67C00917400 /* Products */ = {
			isa = PBXGroup;
			children = (
				B5523FE82B63B67C00917400 /* JoinACode.app */,
				B5523FF82B63B67D00917400 /* JoinACodeTests.xctest */,
				B55240022B63B67D00917400 /* JoinACodeUITests.xctest */,
			);
			name = Products;
			sourceTree = "<group>";
		};
		B5523FEA2B63B67C00917400 /* JoinACode */ = {
			isa = PBXGroup;
			children = (
				B55273DB2B65B6E000C80569 /* GoogleService-Info.plist */,
				B5523FEB2B63B67C00917400 /* JoinACodeApp.swift */,
				B552401B2B63E69500917400 /* Model */,
				B552401A2B63E68500917400 /* View */,
				B5523FEF2B63B67D00917400 /* Assets.xcassets */,
				B5523FF12B63B67D00917400 /* Preview Content */,
			);
			path = JoinACode;
			sourceTree = "<group>";
		};
		B5523FF12B63B67D00917400 /* Preview Content */ = {
			isa = PBXGroup;
			children = (
				B5523FF22B63B67D00917400 /* Preview Assets.xcassets */,
			);
			path = "Preview Content";
			sourceTree = "<group>";
		};
		B552401A2B63E68500917400 /* View */ = {
			isa = PBXGroup;
			children = (
				B5B694292B683FA3004A088F /* ProjectsView */,
				B5B04F8A2B66A0EC00D82E03 /* MainView.swift */,
				B5B04F812B669F5B00D82E03 /* Helpers */,
				B5B04F8C2B66A10900D82E03 /* GeneralView */,
				B5B04F8D2B66A22D00D82E03 /* Profile */,
				B5B04F842B669FAB00D82E03 /* Login+Registration */,
			);
			path = View;
			sourceTree = "<group>";
		};
		B552401B2B63E69500917400 /* Model */ = {
			isa = PBXGroup;
			children = (
				B55273D72B65948700C80569 /* UserModel.swift */,
				B5B04F972B66EBDF00D82E03 /* ProjectsModel.swift */,
			);
			path = Model;
			sourceTree = "<group>";
		};
		B55273D02B65924B00C80569 /* Frameworks */ = {
			isa = PBXGroup;
			children = (
			);
			name = Frameworks;
			sourceTree = "<group>";
		};
		B5B04F812B669F5B00D82E03 /* Helpers */ = {
			isa = PBXGroup;
			children = (
				B5B04F822B669F6E00D82E03 /* View+Extension.swift */,
				B5B04F852B669FCF00D82E03 /* BlurView.swift */,
				B5B04F872B669FF400D82E03 /* CustomTextField.swift */,
				B55273DF2B65BC2F00C80569 /* LoadingView.swift */,
			);
			path = Helpers;
			sourceTree = "<group>";
		};
		B5B04F842B669FAB00D82E03 /* Login+Registration */ = {
			isa = PBXGroup;
			children = (
				B552401C2B63E6AF00917400 /* LoginView.swift */,
				B5B04F7F2B669F0400D82E03 /* RegistrationView.swift */,
			);
			path = "Login+Registration";
			sourceTree = "<group>";
		};
		B5B04F8C2B66A10900D82E03 /* GeneralView */ = {
			isa = PBXGroup;
			children = (
				B5B694252B682654004A088F /* SearchView.swift */,
				B5B694272B683002004A088F /* HomeView.swift */,
			);
			path = GeneralView;
			sourceTree = "<group>";
		};
		B5B04F8D2B66A22D00D82E03 /* Profile */ = {
			isa = PBXGroup;
			children = (
				B5B04F8E2B66A24B00D82E03 /* ProfileView.swift */,
				B5B04F902B66CB4E00D82E03 /* ReusableUserProfileContent.swift */,
			);
			path = Profile;
			sourceTree = "<group>";
		};
		B5B694292B683FA3004A088F /* ProjectsView */ = {
			isa = PBXGroup;
			children = (
				B5B04F952B66EBB500D82E03 /* CreatingNewProject.swift */,
				B5432C7C2B67A0900029BB1B /* UserProjectView.swift */,
				B5432C7E2B67A28D0029BB1B /* ReusableProjectsView.swift */,
				B5432C822B67A9F10029BB1B /* ProjectCardView.swift */,
				B5B6942A2B684EC4004A088F /* CreatingNewProjectViewModel.swift */,
			);
			path = ProjectsView;
			sourceTree = "<group>";
		};
/* End PBXGroup section */

/* Begin PBXNativeTarget section */
		B5523FE72B63B67C00917400 /* JoinACode */ = {
			isa = PBXNativeTarget;
			buildConfigurationList = B552400C2B63B67E00917400 /* Build configuration list for PBXNativeTarget "JoinACode" */;
			buildPhases = (
				B5523FE42B63B67C00917400 /* Sources */,
				B5523FE52B63B67C00917400 /* Frameworks */,
				B5523FE62B63B67C00917400 /* Resources */,
			);
			buildRules = (
			);
			dependencies = (
			);
			name = JoinACode;
			packageProductDependencies = (
				B552401F2B64559D00917400 /* FirebaseAuth */,
				B55273D12B65924B00C80569 /* FirebaseFirestore */,
				B55273D32B65924B00C80569 /* FirebaseFirestoreSwift */,
				B55273D52B65924B00C80569 /* FirebaseStorage */,
				B5B04F932B66D7BB00D82E03 /* SDWebImageSwiftUI */,
			);
			productName = JoinACode;
			productReference = B5523FE82B63B67C00917400 /* JoinACode.app */;
			productType = "com.apple.product-type.application";
		};
		B5523FF72B63B67D00917400 /* JoinACodeTests */ = {
			isa = PBXNativeTarget;
			buildConfigurationList = B552400F2B63B67E00917400 /* Build configuration list for PBXNativeTarget "JoinACodeTests" */;
			buildPhases = (
				B5523FF42B63B67D00917400 /* Sources */,
				B5523FF52B63B67D00917400 /* Frameworks */,
				B5523FF62B63B67D00917400 /* Resources */,
			);
			buildRules = (
			);
			dependencies = (
				B5523FFA2B63B67D00917400 /* PBXTargetDependency */,
			);
			name = JoinACodeTests;
			productName = JoinACodeTests;
			productReference = B5523FF82B63B67D00917400 /* JoinACodeTests.xctest */;
			productType = "com.apple.product-type.bundle.unit-test";
		};
		B55240012B63B67D00917400 /* JoinACodeUITests */ = {
			isa = PBXNativeTarget;
			buildConfigurationList = B55240122B63B67E00917400 /* Build configuration list for PBXNativeTarget "JoinACodeUITests" */;
			buildPhases = (
				B5523FFE2B63B67D00917400 /* Sources */,
				B5523FFF2B63B67D00917400 /* Frameworks */,
				B55240002B63B67D00917400 /* Resources */,
			);
			buildRules = (
			);
			dependencies = (
				B55240042B63B67D00917400 /* PBXTargetDependency */,
			);
			name = JoinACodeUITests;
			productName = JoinACodeUITests;
			productReference = B55240022B63B67D00917400 /* JoinACodeUITests.xctest */;
			productType = "com.apple.product-type.bundle.ui-testing";
		};
/* End PBXNativeTarget section */

/* Begin PBXProject section */
		B5523FE02B63B67C00917400 /* Project object */ = {
			isa = PBXProject;
			attributes = {
				BuildIndependentTargetsInParallel = 1;
				LastSwiftUpdateCheck = 1520;
				LastUpgradeCheck = 1520;
				TargetAttributes = {
					B5523FE72B63B67C00917400 = {
						CreatedOnToolsVersion = 15.2;
					};
					B5523FF72B63B67D00917400 = {
						CreatedOnToolsVersion = 15.2;
						TestTargetID = B5523FE72B63B67C00917400;
					};
					B55240012B63B67D00917400 = {
						CreatedOnToolsVersion = 15.2;
						TestTargetID = B5523FE72B63B67C00917400;
					};
				};
			};
			buildConfigurationList = B5523FE32B63B67C00917400 /* Build configuration list for PBXProject "JoinACode" */;
			compatibilityVersion = "Xcode 14.0";
			developmentRegion = en;
			hasScannedForEncodings = 0;
			knownRegions = (
				en,
				Base,
			);
			mainGroup = B5523FDF2B63B67C00917400;
			packageReferences = (
				B552401E2B64559D00917400 /* XCRemoteSwiftPackageReference "firebase-ios-sdk" */,
				B5B04F922B66D7BB00D82E03 /* XCRemoteSwiftPackageReference "SDWebImageSwiftUI" */,
			);
			productRefGroup = B5523FE92B63B67C00917400 /* Products */;
			projectDirPath = "";
			projectRoot = "";
			targets = (
				B5523FE72B63B67C00917400 /* JoinACode */,
				B5523FF72B63B67D00917400 /* JoinACodeTests */,
				B55240012B63B67D00917400 /* JoinACodeUITests */,
			);
		};
/* End PBXProject section */

/* Begin PBXResourcesBuildPhase section */
		B5523FE62B63B67C00917400 /* Resources */ = {
			isa = PBXResourcesBuildPhase;
			buildActionMask = 2147483647;
			files = (
				B5523FF32B63B67D00917400 /* Preview Assets.xcassets in Resources */,
				B5523FF02B63B67D00917400 /* Assets.xcassets in Resources */,
				B55273DC2B65B6E000C80569 /* GoogleService-Info.plist in Resources */,
			);
			runOnlyForDeploymentPostprocessing = 0;
		};
		B5523FF62B63B67D00917400 /* Resources */ = {
			isa = PBXResourcesBuildPhase;
			buildActionMask = 2147483647;
			files = (
				B55273DD2B65B6E000C80569 /* GoogleService-Info.plist in Resources */,
			);
			runOnlyForDeploymentPostprocessing = 0;
		};
		B55240002B63B67D00917400 /* Resources */ = {
			isa = PBXResourcesBuildPhase;
			buildActionMask = 2147483647;
			files = (
				B55273DE2B65B6E000C80569 /* GoogleService-Info.plist in Resources */,
			);
			runOnlyForDeploymentPostprocessing = 0;
		};
/* End PBXResourcesBuildPhase section */

/* Begin PBXSourcesBuildPhase section */
		B5523FE42B63B67C00917400 /* Sources */ = {
			isa = PBXSourcesBuildPhase;
			buildActionMask = 2147483647;
			files = (
				B552401D2B63E6AF00917400 /* LoginView.swift in Sources */,
				B5B04F8B2B66A0EC00D82E03 /* MainView.swift in Sources */,
				B5B04F8F2B66A24B00D82E03 /* ProfileView.swift in Sources */,
				B5B6942B2B684EC4004A088F /* CreatingNewProjectViewModel.swift in Sources */,
				B5B04F862B669FCF00D82E03 /* BlurView.swift in Sources */,
				B55273E02B65BC2F00C80569 /* LoadingView.swift in Sources */,
				B5432C7D2B67A0900029BB1B /* UserProjectView.swift in Sources */,
				B5B694262B682654004A088F /* SearchView.swift in Sources */,
				B5B04F962B66EBB500D82E03 /* CreatingNewProject.swift in Sources */,
				B5432C7F2B67A28D0029BB1B /* ReusableProjectsView.swift in Sources */,
				B5B694282B683002004A088F /* HomeView.swift in Sources */,
				B55273D82B65948700C80569 /* UserModel.swift in Sources */,
				B5B04F982B66EBDF00D82E03 /* ProjectsModel.swift in Sources */,
				B5B04F882B669FF400D82E03 /* CustomTextField.swift in Sources */,
				B5523FEC2B63B67C00917400 /* JoinACodeApp.swift in Sources */,
				B5432C832B67A9F10029BB1B /* ProjectCardView.swift in Sources */,
				B5B04F912B66CB4E00D82E03 /* ReusableUserProfileContent.swift in Sources */,
				B5B04F832B669F6E00D82E03 /* View+Extension.swift in Sources */,
				B5B04F802B669F0400D82E03 /* RegistrationView.swift in Sources */,
			);
			runOnlyForDeploymentPostprocessing = 0;
		};
		B5523FF42B63B67D00917400 /* Sources */ = {
			isa = PBXSourcesBuildPhase;
			buildActionMask = 2147483647;
			files = (
			);
			runOnlyForDeploymentPostprocessing = 0;
		};
		B5523FFE2B63B67D00917400 /* Sources */ = {
			isa = PBXSourcesBuildPhase;
			buildActionMask = 2147483647;
			files = (
			);
			runOnlyForDeploymentPostprocessing = 0;
		};
/* End PBXSourcesBuildPhase section */

/* Begin PBXTargetDependency section */
		B5523FFA2B63B67D00917400 /* PBXTargetDependency */ = {
			isa = PBXTargetDependency;
			target = B5523FE72B63B67C00917400 /* JoinACode */;
			targetProxy = B5523FF92B63B67D00917400 /* PBXContainerItemProxy */;
		};
		B55240042B63B67D00917400 /* PBXTargetDependency */ = {
			isa = PBXTargetDependency;
			target = B5523FE72B63B67C00917400 /* JoinACode */;
			targetProxy = B55240032B63B67D00917400 /* PBXContainerItemProxy */;
		};
/* End PBXTargetDependency section */

/* Begin XCBuildConfiguration section */
		B552400A2B63B67E00917400 /* Debug */ = {
			isa = XCBuildConfiguration;
			buildSettings = {
				ALWAYS_SEARCH_USER_PATHS = NO;
				ASSETCATALOG_COMPILER_GENERATE_SWIFT_ASSET_SYMBOL_EXTENSIONS = YES;
				CLANG_ANALYZER_NONNULL = YES;
				CLANG_ANALYZER_NUMBER_OBJECT_CONVERSION = YES_AGGRESSIVE;
				CLANG_CXX_LANGUAGE_STANDARD = "gnu++20";
				CLANG_ENABLE_MODULES = YES;
				CLANG_ENABLE_OBJC_ARC = YES;
				CLANG_ENABLE_OBJC_WEAK = YES;
				CLANG_WARN_BLOCK_CAPTURE_AUTORELEASING = YES;
				CLANG_WARN_BOOL_CONVERSION = YES;
				CLANG_WARN_COMMA = YES;
				CLANG_WARN_CONSTANT_CONVERSION = YES;
				CLANG_WARN_DEPRECATED_OBJC_IMPLEMENTATIONS = YES;
				CLANG_WARN_DIRECT_OBJC_ISA_USAGE = YES_ERROR;
				CLANG_WARN_DOCUMENTATION_COMMENTS = YES;
				CLANG_WARN_EMPTY_BODY = YES;
				CLANG_WARN_ENUM_CONVERSION = YES;
				CLANG_WARN_INFINITE_RECURSION = YES;
				CLANG_WARN_INT_CONVERSION = YES;
				CLANG_WARN_NON_LITERAL_NULL_CONVERSION = YES;
				CLANG_WARN_OBJC_IMPLICIT_RETAIN_SELF = YES;
				CLANG_WARN_OBJC_LITERAL_CONVERSION = YES;
				CLANG_WARN_OBJC_ROOT_CLASS = YES_ERROR;
				CLANG_WARN_QUOTED_INCLUDE_IN_FRAMEWORK_HEADER = YES;
				CLANG_WARN_RANGE_LOOP_ANALYSIS = YES;
				CLANG_WARN_STRICT_PROTOTYPES = YES;
				CLANG_WARN_SUSPICIOUS_MOVE = YES;
				CLANG_WARN_UNGUARDED_AVAILABILITY = YES_AGGRESSIVE;
				CLANG_WARN_UNREACHABLE_CODE = YES;
				CLANG_WARN__DUPLICATE_METHOD_MATCH = YES;
				COPY_PHASE_STRIP = NO;
				DEBUG_INFORMATION_FORMAT = dwarf;
				ENABLE_STRICT_OBJC_MSGSEND = YES;
				ENABLE_TESTABILITY = YES;
				ENABLE_USER_SCRIPT_SANDBOXING = YES;
				GCC_C_LANGUAGE_STANDARD = gnu17;
				GCC_DYNAMIC_NO_PIC = NO;
				GCC_NO_COMMON_BLOCKS = YES;
				GCC_OPTIMIZATION_LEVEL = 0;
				GCC_PREPROCESSOR_DEFINITIONS = (
					"DEBUG=1",
					"$(inherited)",
				);
				GCC_WARN_64_TO_32_BIT_CONVERSION = YES;
				GCC_WARN_ABOUT_RETURN_TYPE = YES_ERROR;
				GCC_WARN_UNDECLARED_SELECTOR = YES;
				GCC_WARN_UNINITIALIZED_AUTOS = YES_AGGRESSIVE;
				GCC_WARN_UNUSED_FUNCTION = YES;
				GCC_WARN_UNUSED_VARIABLE = YES;
				IPHONEOS_DEPLOYMENT_TARGET = 16.0;
				LOCALIZATION_PREFERS_STRING_CATALOGS = YES;
				MTL_ENABLE_DEBUG_INFO = INCLUDE_SOURCE;
				MTL_FAST_MATH = YES;
				ONLY_ACTIVE_ARCH = YES;
				SDKROOT = iphoneos;
				SWIFT_ACTIVE_COMPILATION_CONDITIONS = "DEBUG $(inherited)";
				SWIFT_OPTIMIZATION_LEVEL = "-Onone";
			};
			name = Debug;
		};
		B552400B2B63B67E00917400 /* Release */ = {
			isa = XCBuildConfiguration;
			buildSettings = {
				ALWAYS_SEARCH_USER_PATHS = NO;
				ASSETCATALOG_COMPILER_GENERATE_SWIFT_ASSET_SYMBOL_EXTENSIONS = YES;
				CLANG_ANALYZER_NONNULL = YES;
				CLANG_ANALYZER_NUMBER_OBJECT_CONVERSION = YES_AGGRESSIVE;
				CLANG_CXX_LANGUAGE_STANDARD = "gnu++20";
				CLANG_ENABLE_MODULES = YES;
				CLANG_ENABLE_OBJC_ARC = YES;
				CLANG_ENABLE_OBJC_WEAK = YES;
				CLANG_WARN_BLOCK_CAPTURE_AUTORELEASING = YES;
				CLANG_WARN_BOOL_CONVERSION = YES;
				CLANG_WARN_COMMA = YES;
				CLANG_WARN_CONSTANT_CONVERSION = YES;
				CLANG_WARN_DEPRECATED_OBJC_IMPLEMENTATIONS = YES;
				CLANG_WARN_DIRECT_OBJC_ISA_USAGE = YES_ERROR;
				CLANG_WARN_DOCUMENTATION_COMMENTS = YES;
				CLANG_WARN_EMPTY_BODY = YES;
				CLANG_WARN_ENUM_CONVERSION = YES;
				CLANG_WARN_INFINITE_RECURSION = YES;
				CLANG_WARN_INT_CONVERSION = YES;
				CLANG_WARN_NON_LITERAL_NULL_CONVERSION = YES;
				CLANG_WARN_OBJC_IMPLICIT_RETAIN_SELF = YES;
				CLANG_WARN_OBJC_LITERAL_CONVERSION = YES;
				CLANG_WARN_OBJC_ROOT_CLASS = YES_ERROR;
				CLANG_WARN_QUOTED_INCLUDE_IN_FRAMEWORK_HEADER = YES;
				CLANG_WARN_RANGE_LOOP_ANALYSIS = YES;
				CLANG_WARN_STRICT_PROTOTYPES = YES;
				CLANG_WARN_SUSPICIOUS_MOVE = YES;
				CLANG_WARN_UNGUARDED_AVAILABILITY = YES_AGGRESSIVE;
				CLANG_WARN_UNREACHABLE_CODE = YES;
				CLANG_WARN__DUPLICATE_METHOD_MATCH = YES;
				COPY_PHASE_STRIP = NO;
				DEBUG_INFORMATION_FORMAT = "dwarf-with-dsym";
				ENABLE_NS_ASSERTIONS = NO;
				ENABLE_STRICT_OBJC_MSGSEND = YES;
				ENABLE_USER_SCRIPT_SANDBOXING = YES;
				GCC_C_LANGUAGE_STANDARD = gnu17;
				GCC_NO_COMMON_BLOCKS = YES;
				GCC_WARN_64_TO_32_BIT_CONVERSION = YES;
				GCC_WARN_ABOUT_RETURN_TYPE = YES_ERROR;
				GCC_WARN_UNDECLARED_SELECTOR = YES;
				GCC_WARN_UNINITIALIZED_AUTOS = YES_AGGRESSIVE;
				GCC_WARN_UNUSED_FUNCTION = YES;
				GCC_WARN_UNUSED_VARIABLE = YES;
				IPHONEOS_DEPLOYMENT_TARGET = 16.0;
				LOCALIZATION_PREFERS_STRING_CATALOGS = YES;
				MTL_ENABLE_DEBUG_INFO = NO;
				MTL_FAST_MATH = YES;
				SDKROOT = iphoneos;
				SWIFT_COMPILATION_MODE = wholemodule;
				VALIDATE_PRODUCT = YES;
			};
			name = Release;
		};
		B552400D2B63B67E00917400 /* Debug */ = {
			isa = XCBuildConfiguration;
			buildSettings = {
				ASSETCATALOG_COMPILER_APPICON_NAME = AppIcon;
				ASSETCATALOG_COMPILER_GLOBAL_ACCENT_COLOR_NAME = AccentColor;
				CODE_SIGN_STYLE = Automatic;
				CURRENT_PROJECT_VERSION = 1;
				DEVELOPMENT_ASSET_PATHS = "\"JoinACode/Preview Content\"";
				DEVELOPMENT_TEAM = LBMSRRR88A;
				ENABLE_PREVIEWS = YES;
				GENERATE_INFOPLIST_FILE = YES;
				INFOPLIST_KEY_UIApplicationSceneManifest_Generation = YES;
				INFOPLIST_KEY_UIApplicationSupportsIndirectInputEvents = YES;
				INFOPLIST_KEY_UILaunchScreen_Generation = YES;
				INFOPLIST_KEY_UISupportedInterfaceOrientations = UIInterfaceOrientationPortrait;
				INFOPLIST_KEY_UISupportedInterfaceOrientations_iPad = "UIInterfaceOrientationLandscapeLeft UIInterfaceOrientationLandscapeRight UIInterfaceOrientationPortrait UIInterfaceOrientationPortraitUpsideDown";
				IPHONEOS_DEPLOYMENT_TARGET = 16.0;
				LD_RUNPATH_SEARCH_PATHS = (
					"$(inherited)",
					"@executable_path/Frameworks",
				);
				MARKETING_VERSION = 1.0;
				PRODUCT_BUNDLE_IDENTIFIER = com.ArtymOstap.JoinACode;
				PRODUCT_NAME = "$(TARGET_NAME)";
				SUPPORTED_PLATFORMS = "iphoneos iphonesimulator";
				SUPPORTS_MACCATALYST = NO;
				SUPPORTS_MAC_DESIGNED_FOR_IPHONE_IPAD = NO;
				SUPPORTS_XR_DESIGNED_FOR_IPHONE_IPAD = NO;
				SWIFT_EMIT_LOC_STRINGS = YES;
				SWIFT_VERSION = 5.0;
				TARGETED_DEVICE_FAMILY = 1;
			};
			name = Debug;
		};
		B552400E2B63B67E00917400 /* Release */ = {
			isa = XCBuildConfiguration;
			buildSettings = {
				ASSETCATALOG_COMPILER_APPICON_NAME = AppIcon;
				ASSETCATALOG_COMPILER_GLOBAL_ACCENT_COLOR_NAME = AccentColor;
				CODE_SIGN_STYLE = Automatic;
				CURRENT_PROJECT_VERSION = 1;
				DEVELOPMENT_ASSET_PATHS = "\"JoinACode/Preview Content\"";
				DEVELOPMENT_TEAM = LBMSRRR88A;
				ENABLE_PREVIEWS = YES;
				GENERATE_INFOPLIST_FILE = YES;
				INFOPLIST_KEY_UIApplicationSceneManifest_Generation = YES;
				INFOPLIST_KEY_UIApplicationSupportsIndirectInputEvents = YES;
				INFOPLIST_KEY_UILaunchScreen_Generation = YES;
				INFOPLIST_KEY_UISupportedInterfaceOrientations = UIInterfaceOrientationPortrait;
				INFOPLIST_KEY_UISupportedInterfaceOrientations_iPad = "UIInterfaceOrientationLandscapeLeft UIInterfaceOrientationLandscapeRight UIInterfaceOrientationPortrait UIInterfaceOrientationPortraitUpsideDown";
				IPHONEOS_DEPLOYMENT_TARGET = 16.0;
				LD_RUNPATH_SEARCH_PATHS = (
					"$(inherited)",
					"@executable_path/Frameworks",
				);
				MARKETING_VERSION = 1.0;
				PRODUCT_BUNDLE_IDENTIFIER = com.ArtymOstap.JoinACode;
				PRODUCT_NAME = "$(TARGET_NAME)";
				SUPPORTED_PLATFORMS = "iphoneos iphonesimulator";
				SUPPORTS_MACCATALYST = NO;
				SUPPORTS_MAC_DESIGNED_FOR_IPHONE_IPAD = NO;
				SUPPORTS_XR_DESIGNED_FOR_IPHONE_IPAD = NO;
				SWIFT_EMIT_LOC_STRINGS = YES;
				SWIFT_VERSION = 5.0;
				TARGETED_DEVICE_FAMILY = 1;
			};
			name = Release;
		};
		B55240102B63B67E00917400 /* Debug */ = {
			isa = XCBuildConfiguration;
			buildSettings = {
				ALWAYS_EMBED_SWIFT_STANDARD_LIBRARIES = YES;
				BUNDLE_LOADER = "$(TEST_HOST)";
				CODE_SIGN_STYLE = Automatic;
				CURRENT_PROJECT_VERSION = 1;
				DEVELOPMENT_TEAM = LBMSRRR88A;
				GENERATE_INFOPLIST_FILE = YES;
				IPHONEOS_DEPLOYMENT_TARGET = 17.2;
				MARKETING_VERSION = 1.0;
				PRODUCT_BUNDLE_IDENTIFIER = com.ArtymOstap.JoinACodeTests;
				PRODUCT_NAME = "$(TARGET_NAME)";
				SWIFT_EMIT_LOC_STRINGS = NO;
				SWIFT_VERSION = 5.0;
				TARGETED_DEVICE_FAMILY = "1,2";
				TEST_HOST = "$(BUILT_PRODUCTS_DIR)/JoinACode.app/$(BUNDLE_EXECUTABLE_FOLDER_PATH)/JoinACode";
			};
			name = Debug;
		};
		B55240112B63B67E00917400 /* Release */ = {
			isa = XCBuildConfiguration;
			buildSettings = {
				ALWAYS_EMBED_SWIFT_STANDARD_LIBRARIES = YES;
				BUNDLE_LOADER = "$(TEST_HOST)";
				CODE_SIGN_STYLE = Automatic;
				CURRENT_PROJECT_VERSION = 1;
				DEVELOPMENT_TEAM = LBMSRRR88A;
				GENERATE_INFOPLIST_FILE = YES;
				IPHONEOS_DEPLOYMENT_TARGET = 17.2;
				MARKETING_VERSION = 1.0;
				PRODUCT_BUNDLE_IDENTIFIER = com.ArtymOstap.JoinACodeTests;
				PRODUCT_NAME = "$(TARGET_NAME)";
				SWIFT_EMIT_LOC_STRINGS = NO;
				SWIFT_VERSION = 5.0;
				TARGETED_DEVICE_FAMILY = "1,2";
				TEST_HOST = "$(BUILT_PRODUCTS_DIR)/JoinACode.app/$(BUNDLE_EXECUTABLE_FOLDER_PATH)/JoinACode";
			};
			name = Release;
		};
		B55240132B63B67E00917400 /* Debug */ = {
			isa = XCBuildConfiguration;
			buildSettings = {
				ALWAYS_EMBED_SWIFT_STANDARD_LIBRARIES = YES;
				CODE_SIGN_STYLE = Automatic;
				CURRENT_PROJECT_VERSION = 1;
				DEVELOPMENT_TEAM = LBMSRRR88A;
				GENERATE_INFOPLIST_FILE = YES;
				MARKETING_VERSION = 1.0;
				PRODUCT_BUNDLE_IDENTIFIER = com.ArtymOstap.JoinACodeUITests;
				PRODUCT_NAME = "$(TARGET_NAME)";
				SWIFT_EMIT_LOC_STRINGS = NO;
				SWIFT_VERSION = 5.0;
				TARGETED_DEVICE_FAMILY = "1,2";
				TEST_TARGET_NAME = JoinACode;
			};
			name = Debug;
		};
		B55240142B63B67E00917400 /* Release */ = {
			isa = XCBuildConfiguration;
			buildSettings = {
				ALWAYS_EMBED_SWIFT_STANDARD_LIBRARIES = YES;
				CODE_SIGN_STYLE = Automatic;
				CURRENT_PROJECT_VERSION = 1;
				DEVELOPMENT_TEAM = LBMSRRR88A;
				GENERATE_INFOPLIST_FILE = YES;
				MARKETING_VERSION = 1.0;
				PRODUCT_BUNDLE_IDENTIFIER = com.ArtymOstap.JoinACodeUITests;
				PRODUCT_NAME = "$(TARGET_NAME)";
				SWIFT_EMIT_LOC_STRINGS = NO;
				SWIFT_VERSION = 5.0;
				TARGETED_DEVICE_FAMILY = "1,2";
				TEST_TARGET_NAME = JoinACode;
			};
			name = Release;
		};
/* End XCBuildConfiguration section */

/* Begin XCConfigurationList section */
		B5523FE32B63B67C00917400 /* Build configuration list for PBXProject "JoinACode" */ = {
			isa = XCConfigurationList;
			buildConfigurations = (
				B552400A2B63B67E00917400 /* Debug */,
				B552400B2B63B67E00917400 /* Release */,
			);
			defaultConfigurationIsVisible = 0;
			defaultConfigurationName = Release;
		};
		B552400C2B63B67E00917400 /* Build configuration list for PBXNativeTarget "JoinACode" */ = {
			isa = XCConfigurationList;
			buildConfigurations = (
				B552400D2B63B67E00917400 /* Debug */,
				B552400E2B63B67E00917400 /* Release */,
			);
			defaultConfigurationIsVisible = 0;
			defaultConfigurationName = Release;
		};
		B552400F2B63B67E00917400 /* Build configuration list for PBXNativeTarget "JoinACodeTests" */ = {
			isa = XCConfigurationList;
			buildConfigurations = (
				B55240102B63B67E00917400 /* Debug */,
				B55240112B63B67E00917400 /* Release */,
			);
			defaultConfigurationIsVisible = 0;
			defaultConfigurationName = Release;
		};
		B55240122B63B67E00917400 /* Build configuration list for PBXNativeTarget "JoinACodeUITests" */ = {
			isa = XCConfigurationList;
			buildConfigurations = (
				B55240132B63B67E00917400 /* Debug */,
				B55240142B63B67E00917400 /* Release */,
			);
			defaultConfigurationIsVisible = 0;
			defaultConfigurationName = Release;
		};
/* End XCConfigurationList section */

/* Begin XCRemoteSwiftPackageReference section */
		B552401E2B64559D00917400 /* XCRemoteSwiftPackageReference "firebase-ios-sdk" */ = {
			isa = XCRemoteSwiftPackageReference;
			repositoryURL = "https://github.com/firebase/firebase-ios-sdk";
			requirement = {
				kind = exactVersion;
				version = 10.20.0;
			};
		};
		B5B04F922B66D7BB00D82E03 /* XCRemoteSwiftPackageReference "SDWebImageSwiftUI" */ = {
			isa = XCRemoteSwiftPackageReference;
			repositoryURL = "https://github.com/SDWebImage/SDWebImageSwiftUI.git";
			requirement = {
				kind = upToNextMajorVersion;
				minimumVersion = 2.2.6;
			};
		};
/* End XCRemoteSwiftPackageReference section */

/* Begin XCSwiftPackageProductDependency section */
		B552401F2B64559D00917400 /* FirebaseAuth */ = {
			isa = XCSwiftPackageProductDependency;
			package = B552401E2B64559D00917400 /* XCRemoteSwiftPackageReference "firebase-ios-sdk" */;
			productName = FirebaseAuth;
		};
		B55273D12B65924B00C80569 /* FirebaseFirestore */ = {
			isa = XCSwiftPackageProductDependency;
			package = B552401E2B64559D00917400 /* XCRemoteSwiftPackageReference "firebase-ios-sdk" */;
			productName = FirebaseFirestore;
		};
		B55273D32B65924B00C80569 /* FirebaseFirestoreSwift */ = {
			isa = XCSwiftPackageProductDependency;
			package = B552401E2B64559D00917400 /* XCRemoteSwiftPackageReference "firebase-ios-sdk" */;
			productName = FirebaseFirestoreSwift;
		};
		B55273D52B65924B00C80569 /* FirebaseStorage */ = {
			isa = XCSwiftPackageProductDependency;
			package = B552401E2B64559D00917400 /* XCRemoteSwiftPackageReference "firebase-ios-sdk" */;
			productName = FirebaseStorage;
		};
		B5B04F932B66D7BB00D82E03 /* SDWebImageSwiftUI */ = {
			isa = XCSwiftPackageProductDependency;
			package = B5B04F922B66D7BB00D82E03 /* XCRemoteSwiftPackageReference "SDWebImageSwiftUI" */;
			productName = SDWebImageSwiftUI;
		};
/* End XCSwiftPackageProductDependency section */
	};
	rootObject = B5523FE02B63B67C00917400 /* Project object */;
}
